{
  "name": "game2",
  "version": "1.0.0",
  "lockfileVersion": 3,
  "requires": true,
  "packages": {
    "": {
      "name": "game2",
      "version": "1.0.0",
      "license": "ISC",
      "dependencies": {
        "@arinova-ai/spaces-sdk": "^0.1.0"
      }
    },
    "node_modules/@arinova-ai/spaces-sdk": {
      "version": "0.1.0",
      "resolved": "https://registry.npmjs.org/@arinova-ai/spaces-sdk/-/spaces-sdk-0.1.0.tgz",
      "integrity": "sha512-5czAwDNp4RP2RAFglEVPLatul5XqGu4/3EwUekHKvZ6s3aG6DTRMSFOrs16mzPxLWnR8uzcx1AdE4YKFPECZ5w=="
    }
  }
}
